
Microsoft Visual Studio Solution File, Format Version 12.00
# Visual Studio Version 17
VisualStudioVersion = 17.10.34928.147
MinimumVisualStudioVersion = 10.0.40219.1
Project("{FAE04EC0-301F-11D3-BF4B-00C04F79EFBC}") = "RouteManagementAPI", "RouteManagementAPI\RouteManagementAPI.csproj", "{7528DBFB-0B1F-4139-A2C7-36903F51D9F9}"
EndProject
Global
	GlobalSection(SolutionConfigurationPlatforms) = preSolution
		Debug|Any CPU = Debug|Any CPU
		Release|Any CPU = Release|Any CPU
	EndGlobalSection
	GlobalSection(ProjectConfigurationPlatforms) = postSolution
		{7528DBFB-0B1F-4139-A2C7-36903F51D9F9}.Debug|Any CPU.ActiveCfg = Debug|Any CPU
		{7528DBFB-0B1F-4139-A2C7-36903F51D9F9}.Debug|Any CPU.Build.0 = Debug|Any CPU
		{7528DBFB-0B1F-4139-A2C7-36903F51D9F9}.Release|Any CPU.ActiveCfg = Release|Any CPU
		{7528DBFB-0B1F-4139-A2C7-36903F51D9F9}.Release|Any CPU.Build.0 = Release|Any CPU
	EndGlobalSection
	GlobalSection(SolutionProperties) = preSolution
		HideSolutionNode = FALSE
	EndGlobalSection
	GlobalSection(ExtensibilityGlobals) = postSolution
		SolutionGuid = {CB111FD3-A983-435E-A53A-9BAF6CB6BD12}
	EndGlobalSection
EndGlobal
